
Microsoft Visual Studio Solution File, Format Version 12.00
Project("{FAE04EC0-301F-11D3-BF4B-00C04F79EFBC}") = "SanityDotNet", "src\SanityDotNet\SanityDotNet.csproj", "{081DDA8C-7839-43DD-8699-08E2E5698681}"
EndProject
Project("{FAE04EC0-301F-11D3-BF4B-00C04F79EFBC}") = "SanityDotNet.Web.Test", "src\SanityDotNet.Web.Test\SanityDotNet.Web.Test.csproj", "{72CF8C9A-DF51-4643-AB1B-7500934BE1EC}"
EndProject
Global
	GlobalSection(SolutionConfigurationPlatforms) = preSolution
		Debug|Any CPU = Debug|Any CPU
		Release|Any CPU = Release|Any CPU
	EndGlobalSection
	GlobalSection(ProjectConfigurationPlatforms) = postSolution
		{081DDA8C-7839-43DD-8699-08E2E5698681}.Debug|Any CPU.ActiveCfg = Debug|Any CPU
		{081DDA8C-7839-43DD-8699-08E2E5698681}.Debug|Any CPU.Build.0 = Debug|Any CPU
		{081DDA8C-7839-43DD-8699-08E2E5698681}.Release|Any CPU.ActiveCfg = Release|Any CPU
		{081DDA8C-7839-43DD-8699-08E2E5698681}.Release|Any CPU.Build.0 = Release|Any CPU
		{72CF8C9A-DF51-4643-AB1B-7500934BE1EC}.Debug|Any CPU.ActiveCfg = Debug|Any CPU
		{72CF8C9A-DF51-4643-AB1B-7500934BE1EC}.Debug|Any CPU.Build.0 = Debug|Any CPU
		{72CF8C9A-DF51-4643-AB1B-7500934BE1EC}.Release|Any CPU.ActiveCfg = Release|Any CPU
		{72CF8C9A-DF51-4643-AB1B-7500934BE1EC}.Release|Any CPU.Build.0 = Release|Any CPU
	EndGlobalSection
EndGlobal
